// !$*UTF8*$!
{
	archiveVersion = 1;
	classes = {
	};
	objectVersion = 50;
	objects = {

/* Begin PBXBuildFile section */
		D65B188926006CE700B61894 /* Response.swift in Sources */ = {isa = PBXBuildFile; fileRef = D65B188826006CE700B61894 /* Response.swift */; };
		D65F361E2602FF5600A02D5A /* VideoTableViewCell.swift in Sources */ = {isa = PBXBuildFile; fileRef = D65F361D2602FF5600A02D5A /* VideoTableViewCell.swift */; };
		D65F362626030DB000A02D5A /* CacheManager.swift in Sources */ = {isa = PBXBuildFile; fileRef = D65F362526030DB000A02D5A /* CacheManager.swift */; };
		D6909E8325FF0C7E00850317 /* AppDelegate.swift in Sources */ = {isa = PBXBuildFile; fileRef = D6909E8225FF0C7E00850317 /* AppDelegate.swift */; };
		D6909E8525FF0C7E00850317 /* SceneDelegate.swift in Sources */ = {isa = PBXBuildFile; fileRef = D6909E8425FF0C7E00850317 /* SceneDelegate.swift */; };
		D6909E8725FF0C7E00850317 /* ViewController.swift in Sources */ = {isa = PBXBuildFile; fileRef = D6909E8625FF0C7E00850317 /* ViewController.swift */; };
		D6909E8A25FF0C7E00850317 /* Main.storyboard in Resources */ = {isa = PBXBuildFile; fileRef = D6909E8825FF0C7E00850317 /* Main.storyboard */; };
		D6909E8C25FF0C7F00850317 /* Assets.xcassets in Resources */ = {isa = PBXBuildFile; fileRef = D6909E8B25FF0C7F00850317 /* Assets.xcassets */; };
		D6909E8F25FF0C7F00850317 /* LaunchScreen.storyboard in Resources */ = {isa = PBXBuildFile; fileRef = D6909E8D25FF0C7F00850317 /* LaunchScreen.storyboard */; };
		D6909E9F25FF11BE00850317 /* Video.swift in Sources */ = {isa = PBXBuildFile; fileRef = D6909E9E25FF11BE00850317 /* Video.swift */; };
		D6909EA225FF12D700850317 /* Model.swift in Sources */ = {isa = PBXBuildFile; fileRef = D6909EA125FF12D700850317 /* Model.swift */; };
		D6BF7E232601B32A00DBAD98 /* Constants.swift in Sources */ = {isa = PBXBuildFile; fileRef = D6BF7E222601B32A00DBAD98 /* Constants.swift */; };
/* End PBXBuildFile section */

/* Begin PBXFileReference section */
		D65B188826006CE700B61894 /* Response.swift */ = {isa = PBXFileReference; lastKnownFileType = sourcecode.swift; path = Response.swift; sourceTree = "<group>"; };
		D65F361D2602FF5600A02D5A /* VideoTableViewCell.swift */ = {isa = PBXFileReference; lastKnownFileType = sourcecode.swift; path = VideoTableViewCell.swift; sourceTree = "<group>"; };
		D65F362526030DB000A02D5A /* CacheManager.swift */ = {isa = PBXFileReference; lastKnownFileType = sourcecode.swift; path = CacheManager.swift; sourceTree = "<group>"; };
		D6909E7F25FF0C7E00850317 /* Youtube Clone.app */ = {isa = PBXFileReference; explicitFileType = wrapper.application; includeInIndex = 0; path = "Youtube Clone.app"; sourceTree = BUILT_PRODUCTS_DIR; };
		D6909E8225FF0C7E00850317 /* AppDelegate.swift */ = {isa = PBXFileReference; lastKnownFileType = sourcecode.swift; path = AppDelegate.swift; sourceTree = "<group>"; };
		D6909E8425FF0C7E00850317 /* SceneDelegate.swift */ = {isa = PBXFileReference; lastKnownFileType = sourcecode.swift; path = SceneDelegate.swift; sourceTree = "<group>"; };
		D6909E8625FF0C7E00850317 /* ViewController.swift */ = {isa = PBXFileReference; lastKnownFileType = sourcecode.swift; path = ViewController.swift; sourceTree = "<group>"; };
		D6909E8925FF0C7E00850317 /* Base */ = {isa = PBXFileReference; lastKnownFileType = file.storyboard; name = Base; path = Base.lproj/Main.storyboard; sourceTree = "<group>"; };
		D6909E8B25FF0C7F00850317 /* Assets.xcassets */ = {isa = PBXFileReference; lastKnownFileType = folder.assetcatalog; path = Assets.xcassets; sourceTree = "<group>"; };
		D6909E8E25FF0C7F00850317 /* Base */ = {isa = PBXFileReference; lastKnownFileType = file.storyboard; name = Base; path = Base.lproj/LaunchScreen.storyboard; sourceTree = "<group>"; };
		D6909E9025FF0C7F00850317 /* Info.plist */ = {isa = PBXFileReference; lastKnownFileType = text.plist.xml; path = Info.plist; sourceTree = "<group>"; };
		D6909E9E25FF11BE00850317 /* Video.swift */ = {isa = PBXFileReference; lastKnownFileType = sourcecode.swift; path = Video.swift; sourceTree = "<group>"; };
		D6909EA125FF12D700850317 /* Model.swift */ = {isa = PBXFileReference; lastKnownFileType = sourcecode.swift; path = Model.swift; sourceTree = "<group>"; };
		D6BF7E222601B32A00DBAD98 /* Constants.swift */ = {isa = PBXFileReference; lastKnownFileType = sourcecode.swift; path = Constants.swift; sourceTree = "<group>"; };
/* End PBXFileReference section */

/* Begin PBXFrameworksBuildPhase section */
		D6909E7C25FF0C7E00850317 /* Frameworks */ = {
			isa = PBXFrameworksBuildPhase;
			buildActionMask = 2147483647;
			files = (
			);
			runOnlyForDeploymentPostprocessing = 0;
		};
/* End PBXFrameworksBuildPhase section */

/* Begin PBXGroup section */
		D65F36172602FAFD00A02D5A /* Helpers */ = {
			isa = PBXGroup;
			children = (
				D6BF7E222601B32A00DBAD98 /* Constants.swift */,
				D65F362526030DB000A02D5A /* CacheManager.swift */,
			);
			path = Helpers;
			sourceTree = "<group>";
		};
		D65F36182602FB1100A02D5A /* Storyboards */ = {
			isa = PBXGroup;
			children = (
				D6909E8825FF0C7E00850317 /* Main.storyboard */,
				D6909E8D25FF0C7F00850317 /* LaunchScreen.storyboard */,
			);
			path = Storyboards;
			sourceTree = "<group>";
		};
		D65F36192602FB2400A02D5A /* Models */ = {
			isa = PBXGroup;
			children = (
				D6909EA125FF12D700850317 /* Model.swift */,
				D6909E9E25FF11BE00850317 /* Video.swift */,
				D65B188826006CE700B61894 /* Response.swift */,
			);
			path = Models;
			sourceTree = "<group>";
		};
		D65F361A2602FB3000A02D5A /* Views */ = {
			isa = PBXGroup;
			children = (
				D65F361D2602FF5600A02D5A /* VideoTableViewCell.swift */,
			);
			path = Views;
			sourceTree = "<group>";
		};
		D65F361B2602FB3800A02D5A /* View Controllers */ = {
			isa = PBXGroup;
			children = (
				D6909E8625FF0C7E00850317 /* ViewController.swift */,
			);
			path = "View Controllers";
			sourceTree = "<group>";
		};
		D6909E7625FF0C7E00850317 = {
			isa = PBXGroup;
			children = (
				D6909E8125FF0C7E00850317 /* Youtube Clone */,
				D6909E8025FF0C7E00850317 /* Products */,
			);
			sourceTree = "<group>";
		};
		D6909E8025FF0C7E00850317 /* Products */ = {
			isa = PBXGroup;
			children = (
				D6909E7F25FF0C7E00850317 /* Youtube Clone.app */,
			);
			name = Products;
			sourceTree = "<group>";
		};
		D6909E8125FF0C7E00850317 /* Youtube Clone */ = {
			isa = PBXGroup;
			children = (
				D6909E8225FF0C7E00850317 /* AppDelegate.swift */,
				D6909E8425FF0C7E00850317 /* SceneDelegate.swift */,
				D65F36172602FAFD00A02D5A /* Helpers */,
				D65F36182602FB1100A02D5A /* Storyboards */,
				D65F36192602FB2400A02D5A /* Models */,
				D65F361A2602FB3000A02D5A /* Views */,
				D65F361B2602FB3800A02D5A /* View Controllers */,
				D6909E8B25FF0C7F00850317 /* Assets.xcassets */,
				D6909E9025FF0C7F00850317 /* Info.plist */,
			);
			path = "Youtube Clone";
			sourceTree = "<group>";
		};
/* End PBXGroup section */

/* Begin PBXNativeTarget section */
		D6909E7E25FF0C7E00850317 /* Youtube Clone */ = {
			isa = PBXNativeTarget;
			buildConfigurationList = D6909E9325FF0C7F00850317 /* Build configuration list for PBXNativeTarget "Youtube Clone" */;
			buildPhases = (
				D6909E7B25FF0C7E00850317 /* Sources */,
				D6909E7C25FF0C7E00850317 /* Frameworks */,
				D6909E7D25FF0C7E00850317 /* Resources */,
			);
			buildRules = (
			);
			dependencies = (
			);
			name = "Youtube Clone";
			productName = "Youtube Clone";
			productReference = D6909E7F25FF0C7E00850317 /* Youtube Clone.app */;
			productType = "com.apple.product-type.application";
		};
/* End PBXNativeTarget section */

/* Begin PBXProject section */
		D6909E7725FF0C7E00850317 /* Project object */ = {
			isa = PBXProject;
			attributes = {
				LastSwiftUpdateCheck = 1240;
				LastUpgradeCheck = 1240;
				TargetAttributes = {
					D6909E7E25FF0C7E00850317 = {
						CreatedOnToolsVersion = 12.4;
					};
				};
			};
			buildConfigurationList = D6909E7A25FF0C7E00850317 /* Build configuration list for PBXProject "Youtube Clone" */;
			compatibilityVersion = "Xcode 9.3";
			developmentRegion = en;
			hasScannedForEncodings = 0;
			knownRegions = (
				en,
				Base,
			);
			mainGroup = D6909E7625FF0C7E00850317;
			productRefGroup = D6909E8025FF0C7E00850317 /* Products */;
			projectDirPath = "";
			projectRoot = "";
			targets = (
				D6909E7E25FF0C7E00850317 /* Youtube Clone */,
			);
		};
/* End PBXProject section */

/* Begin PBXResourcesBuildPhase section */
		D6909E7D25FF0C7E00850317 /* Resources */ = {
			isa = PBXResourcesBuildPhase;
			buildActionMask = 2147483647;
			files = (
				D6909E8F25FF0C7F00850317 /* LaunchScreen.storyboard in Resources */,
				D6909E8C25FF0C7F00850317 /* Assets.xcassets in Resources */,
				D6909E8A25FF0C7E00850317 /* Main.storyboard in Resources */,
			);
			runOnlyForDeploymentPostprocessing = 0;
		};
/* End PBXResourcesBuildPhase section */

/* Begin PBXSourcesBuildPhase section */
		D6909E7B25FF0C7E00850317 /* Sources */ = {
			isa = PBXSourcesBuildPhase;
			buildActionMask = 2147483647;
			files = (
				D6909E8725FF0C7E00850317 /* ViewController.swift in Sources */,
				D65F362626030DB000A02D5A /* CacheManager.swift in Sources */,
				D6909E8325FF0C7E00850317 /* AppDelegate.swift in Sources */,
				D6909E8525FF0C7E00850317 /* SceneDelegate.swift in Sources */,
				D6909EA225FF12D700850317 /* Model.swift in Sources */,
				D6BF7E232601B32A00DBAD98 /* Constants.swift in Sources */,
				D65F361E2602FF5600A02D5A /* VideoTableViewCell.swift in Sources */,
				D6909E9F25FF11BE00850317 /* Video.swift in Sources */,
				D65B188926006CE700B61894 /* Response.swift in Sources */,
			);
			runOnlyForDeploymentPostprocessing = 0;
		};
/* End PBXSourcesBuildPhase section */

/* Begin PBXVariantGroup section */
		D6909E8825FF0C7E00850317 /* Main.storyboard */ = {
			isa = PBXVariantGroup;
			children = (
				D6909E8925FF0C7E00850317 /* Base */,
			);
			name = Main.storyboard;
			sourceTree = "<group>";
		};
		D6909E8D25FF0C7F00850317 /* LaunchScreen.storyboard */ = {
			isa = PBXVariantGroup;
			children = (
				D6909E8E25FF0C7F00850317 /* Base */,
			);
			name = LaunchScreen.storyboard;
			sourceTree = "<group>";
		};
/* End PBXVariantGroup section */

/* Begin XCBuildConfiguration section */
		D6909E9125FF0C7F00850317 /* Debug */ = {
			isa = XCBuildConfiguration;
			buildSettings = {
				ALWAYS_SEARCH_USER_PATHS = NO;
				CLANG_ANALYZER_NONNULL = YES;
				CLANG_ANALYZER_NUMBER_OBJECT_CONVERSION = YES_AGGRESSIVE;
				CLANG_CXX_LANGUAGE_STANDARD = "gnu++14";
				CLANG_CXX_LIBRARY = "libc++";
				CLANG_ENABLE_MODULES = YES;
				CLANG_ENABLE_OBJC_ARC = YES;
				CLANG_ENABLE_OBJC_WEAK = YES;
				CLANG_WARN_BLOCK_CAPTURE_AUTORELEASING = YES;
				CLANG_WARN_BOOL_CONVERSION = YES;
				CLANG_WARN_COMMA = YES;
				CLANG_WARN_CONSTANT_CONVERSION = YES;
				CLANG_WARN_DEPRECATED_OBJC_IMPLEMENTATIONS = YES;
				CLANG_WARN_DIRECT_OBJC_ISA_USAGE = YES_ERROR;
				CLANG_WARN_DOCUMENTATION_COMMENTS = YES;
				CLANG_WARN_EMPTY_BODY = YES;
				CLANG_WARN_ENUM_CONVERSION = YES;
				CLANG_WARN_INFINITE_RECURSION = YES;
				CLANG_WARN_INT_CONVERSION = YES;
				CLANG_WARN_NON_LITERAL_NULL_CONVERSION = YES;
				CLANG_WARN_OBJC_IMPLICIT_RETAIN_SELF = YES;
				CLANG_WARN_OBJC_LITERAL_CONVERSION = YES;
				CLANG_WARN_OBJC_ROOT_CLASS = YES_ERROR;
				CLANG_WARN_QUOTED_INCLUDE_IN_FRAMEWORK_HEADER = YES;
				CLANG_WARN_RANGE_LOOP_ANALYSIS = YES;
				CLANG_WARN_STRICT_PROTOTYPES = YES;
				CLANG_WARN_SUSPICIOUS_MOVE = YES;
				CLANG_WARN_UNGUARDED_AVAILABILITY = YES_AGGRESSIVE;
				CLANG_WARN_UNREACHABLE_CODE = YES;
				CLANG_WARN__DUPLICATE_METHOD_MATCH = YES;
				COPY_PHASE_STRIP = NO;
				DEBUG_INFORMATION_FORMAT = dwarf;
				ENABLE_STRICT_OBJC_MSGSEND = YES;
				ENABLE_TESTABILITY = YES;
				GCC_C_LANGUAGE_STANDARD = gnu11;
				GCC_DYNAMIC_NO_PIC = NO;
				GCC_NO_COMMON_BLOCKS = YES;
				GCC_OPTIMIZATION_LEVEL = 0;
				GCC_PREPROCESSOR_DEFINITIONS = (
					"DEBUG=1",
					"$(inherited)",
				);
				GCC_WARN_64_TO_32_BIT_CONVERSION = YES;
				GCC_WARN_ABOUT_RETURN_TYPE = YES_ERROR;
				GCC_WARN_UNDECLARED_SELECTOR = YES;
				GCC_WARN_UNINITIALIZED_AUTOS = YES_AGGRESSIVE;
				GCC_WARN_UNUSED_FUNCTION = YES;
				GCC_WARN_UNUSED_VARIABLE = YES;
				IPHONEOS_DEPLOYMENT_TARGET = 14.4;
				MTL_ENABLE_DEBUG_INFO = INCLUDE_SOURCE;
				MTL_FAST_MATH = YES;
				ONLY_ACTIVE_ARCH = YES;
				SDKROOT = iphoneos;
				SWIFT_ACTIVE_COMPILATION_CONDITIONS = DEBUG;
				SWIFT_OPTIMIZATION_LEVEL = "-Onone";
			};
			name = Debug;
		};
		D6909E9225FF0C7F00850317 /* Release */ = {
			isa = XCBuildConfiguration;
			buildSettings = {
				ALWAYS_SEARCH_USER_PATHS = NO;
				CLANG_ANALYZER_NONNULL = YES;
				CLANG_ANALYZER_NUMBER_OBJECT_CONVERSION = YES_AGGRESSIVE;
				CLANG_CXX_LANGUAGE_STANDARD = "gnu++14";
				CLANG_CXX_LIBRARY = "libc++";
				CLANG_ENABLE_MODULES = YES;
				CLANG_ENABLE_OBJC_ARC = YES;
				CLANG_ENABLE_OBJC_WEAK = YES;
				CLANG_WARN_BLOCK_CAPTURE_AUTORELEASING = YES;
				CLANG_WARN_BOOL_CONVERSION = YES;
				CLANG_WARN_COMMA = YES;
				CLANG_WARN_CONSTANT_CONVERSION = YES;
				CLANG_WARN_DEPRECATED_OBJC_IMPLEMENTATIONS = YES;
				CLANG_WARN_DIRECT_OBJC_ISA_USAGE = YES_ERROR;
				CLANG_WARN_DOCUMENTATION_COMMENTS = YES;
				CLANG_WARN_EMPTY_BODY = YES;
				CLANG_WARN_ENUM_CONVERSION = YES;
				CLANG_WARN_INFINITE_RECURSION = YES;
				CLANG_WARN_INT_CONVERSION = YES;
				CLANG_WARN_NON_LITERAL_NULL_CONVERSION = YES;
				CLANG_WARN_OBJC_IMPLICIT_RETAIN_SELF = YES;
				CLANG_WARN_OBJC_LITERAL_CONVERSION = YES;
				CLANG_WARN_OBJC_ROOT_CLASS = YES_ERROR;
				CLANG_WARN_QUOTED_INCLUDE_IN_FRAMEWORK_HEADER = YES;
				CLANG_WARN_RANGE_LOOP_ANALYSIS = YES;
				CLANG_WARN_STRICT_PROTOTYPES = YES;
				CLANG_WARN_SUSPICIOUS_MOVE = YES;
				CLANG_WARN_UNGUARDED_AVAILABILITY = YES_AGGRESSIVE;
				CLANG_WARN_UNREACHABLE_CODE = YES;
				CLANG_WARN__DUPLICATE_METHOD_MATCH = YES;
				COPY_PHASE_STRIP = NO;
				DEBUG_INFORMATION_FORMAT = "dwarf-with-dsym";
				ENABLE_NS_ASSERTIONS = NO;
				ENABLE_STRICT_OBJC_MSGSEND = YES;
				GCC_C_LANGUAGE_STANDARD = gnu11;
				GCC_NO_COMMON_BLOCKS = YES;
				GCC_WARN_64_TO_32_BIT_CONVERSION = YES;
				GCC_WARN_ABOUT_RETURN_TYPE = YES_ERROR;
				GCC_WARN_UNDECLARED_SELECTOR = YES;
				GCC_WARN_UNINITIALIZED_AUTOS = YES_AGGRESSIVE;
				GCC_WARN_UNUSED_FUNCTION = YES;
				GCC_WARN_UNUSED_VARIABLE = YES;
				IPHONEOS_DEPLOYMENT_TARGET = 14.4;
				MTL_ENABLE_DEBUG_INFO = NO;
				MTL_FAST_MATH = YES;
				SDKROOT = iphoneos;
				SWIFT_COMPILATION_MODE = wholemodule;
				SWIFT_OPTIMIZATION_LEVEL = "-O";
				VALIDATE_PRODUCT = YES;
			};
			name = Release;
		};
		D6909E9425FF0C7F00850317 /* Debug */ = {
			isa = XCBuildConfiguration;
			buildSettings = {
				ASSETCATALOG_COMPILER_APPICON_NAME = AppIcon;
				ASSETCATALOG_COMPILER_GLOBAL_ACCENT_COLOR_NAME = AccentColor;
				CODE_SIGN_STYLE = Automatic;
				DEVELOPMENT_TEAM = A4VBXRR28X;
				INFOPLIST_FILE = "Youtube Clone/Info.plist";
				LD_RUNPATH_SEARCH_PATHS = (
					"$(inherited)",
					"@executable_path/Frameworks",
				);
				PRODUCT_BUNDLE_IDENTIFIER = "com.mz.Youtube-Clone";
				PRODUCT_NAME = "$(TARGET_NAME)";
				SWIFT_VERSION = 5.0;
				TARGETED_DEVICE_FAMILY = "1,2";
			};
			name = Debug;
		};
		D6909E9525FF0C7F00850317 /* Release */ = {
			isa = XCBuildConfiguration;
			buildSettings = {
				ASSETCATALOG_COMPILER_APPICON_NAME = AppIcon;
				ASSETCATALOG_COMPILER_GLOBAL_ACCENT_COLOR_NAME = AccentColor;
				CODE_SIGN_STYLE = Automatic;
				DEVELOPMENT_TEAM = A4VBXRR28X;
				INFOPLIST_FILE = "Youtube Clone/Info.plist";
				LD_RUNPATH_SEARCH_PATHS = (
					"$(inherited)",
					"@executable_path/Frameworks",
				);
				PRODUCT_BUNDLE_IDENTIFIER = "com.mz.Youtube-Clone";
				PRODUCT_NAME = "$(TARGET_NAME)";
				SWIFT_VERSION = 5.0;
				TARGETED_DEVICE_FAMILY = "1,2";
			};
			name = Release;
		};
/* End XCBuildConfiguration section */

/* Begin XCConfigurationList section */
		D6909E7A25FF0C7E00850317 /* Build configuration list for PBXProject "Youtube Clone" */ = {
			isa = XCConfigurationList;
			buildConfigurations = (
				D6909E9125FF0C7F00850317 /* Debug */,
				D6909E9225FF0C7F00850317 /* Release */,
			);
			defaultConfigurationIsVisible = 0;
			defaultConfigurationName = Release;
		};
		D6909E9325FF0C7F00850317 /* Build configuration list for PBXNativeTarget "Youtube Clone" */ = {
			isa = XCConfigurationList;
			buildConfigurations = (
				D6909E9425FF0C7F00850317 /* Debug */,
				D6909E9525FF0C7F00850317 /* Release */,
			);
			defaultConfigurationIsVisible = 0;
			defaultConfigurationName = Release;
		};
/* End XCConfigurationList section */
	};
	rootObject = D6909E7725FF0C7E00850317 /* Project object */;
}
